
Microsoft Visual Studio Solution File, Format Version 12.00
# Visual Studio Version 16
VisualStudioVersion = 16.0.29306.81
MinimumVisualStudioVersion = 10.0.40219.1
Project("{FAE04EC0-301F-11D3-BF4B-00C04F79EFBC}") = "DevOpsCourCeDGit", "DevOpsCourCeDGit\DevOpsCourCeDGit.csproj", "{D316CA41-D1C5-491F-BF2B-0F7664F36AFA}"
EndProject
Global
	GlobalSection(SolutionConfigurationPlatforms) = preSolution
		Debug|Any CPU = Debug|Any CPU
		Release|Any CPU = Release|Any CPU
	EndGlobalSection
	GlobalSection(ProjectConfigurationPlatforms) = postSolution
		{D316CA41-D1C5-491F-BF2B-0F7664F36AFA}.Debug|Any CPU.ActiveCfg = Debug|Any CPU
		{D316CA41-D1C5-491F-BF2B-0F7664F36AFA}.Debug|Any CPU.Build.0 = Debug|Any CPU
		{D316CA41-D1C5-491F-BF2B-0F7664F36AFA}.Release|Any CPU.ActiveCfg = Release|Any CPU
		{D316CA41-D1C5-491F-BF2B-0F7664F36AFA}.Release|Any CPU.Build.0 = Release|Any CPU
	EndGlobalSection
	GlobalSection(SolutionProperties) = preSolution
		HideSolutionNode = FALSE
	EndGlobalSection
	GlobalSection(ExtensibilityGlobals) = postSolution
		SolutionGuid = {56A7E706-4850-43AB-8AB0-5389EB11646E}
	EndGlobalSection
EndGlobal
